// !$*UTF8*$!
{
	archiveVersion = 1;
	classes = {
	};
	objectVersion = 46;
	objects = {

/* Begin PBXBuildFile section */
		CBFE61651C8E036800EC5070 /* AppDelegate.swift in Sources */ = {isa = PBXBuildFile; fileRef = CBFE61641C8E036800EC5070 /* AppDelegate.swift */; };
		CBFE61671C8E036800EC5070 /* ViewController.swift in Sources */ = {isa = PBXBuildFile; fileRef = CBFE61661C8E036800EC5070 /* ViewController.swift */; };
		CBFE616A1C8E036800EC5070 /* Main.storyboard in Resources */ = {isa = PBXBuildFile; fileRef = CBFE61681C8E036800EC5070 /* Main.storyboard */; };
		CBFE616C1C8E036800EC5070 /* Assets.xcassets in Resources */ = {isa = PBXBuildFile; fileRef = CBFE616B1C8E036800EC5070 /* Assets.xcassets */; };
		CBFE616F1C8E036800EC5070 /* LaunchScreen.storyboard in Resources */ = {isa = PBXBuildFile; fileRef = CBFE616D1C8E036800EC5070 /* LaunchScreen.storyboard */; };
/* End PBXBuildFile section */

/* Begin PBXFileReference section */
		CBFE61611C8E036800EC5070 /* Happiness.app */ = {isa = PBXFileReference; explicitFileType = wrapper.application; includeInIndex = 0; path = Happiness.app; sourceTree = BUILT_PRODUCTS_DIR; };
		CBFE61641C8E036800EC5070 /* AppDelegate.swift */ = {isa = PBXFileReference; lastKnownFileType = sourcecode.swift; path = AppDelegate.swift; sourceTree = "<group>"; };
		CBFE61661C8E036800EC5070 /* ViewController.swift */ = {isa = PBXFileReference; lastKnownFileType = sourcecode.swift; path = ViewController.swift; sourceTree = "<group>"; };
		CBFE61691C8E036800EC5070 /* Base */ = {isa = PBXFileReference; lastKnownFileType = file.storyboard; name = Base; path = Base.lproj/Main.storyboard; sourceTree = "<group>"; };
		CBFE616B1C8E036800EC5070 /* Assets.xcassets */ = {isa = PBXFileReference; lastKnownFileType = folder.assetcatalog; path = Assets.xcassets; sourceTree = "<group>"; };
		CBFE616E1C8E036800EC5070 /* Base */ = {isa = PBXFileReference; lastKnownFileType = file.storyboard; name = Base; path = Base.lproj/LaunchScreen.storyboard; sourceTree = "<group>"; };
		CBFE61701C8E036800EC5070 /* Info.plist */ = {isa = PBXFileReference; lastKnownFileType = text.plist.xml; path = Info.plist; sourceTree = "<group>"; };
/* End PBXFileReference section */

/* Begin PBXFrameworksBuildPhase section */
		CBFE615E1C8E036800EC5070 /* Frameworks */ = {
			isa = PBXFrameworksBuildPhase;
			buildActionMask = 2147483647;
			files = (
			);
			runOnlyForDeploymentPostprocessing = 0;
		};
/* End PBXFrameworksBuildPhase section */

/* Begin PBXGroup section */
		CBFE61581C8E036800EC5070 = {
			isa = PBXGroup;
			children = (
				CBFE61631C8E036800EC5070 /* Happiness */,
				CBFE61621C8E036800EC5070 /* Products */,
			);
			sourceTree = "<group>";
		};
		CBFE61621C8E036800EC5070 /* Products */ = {
			isa = PBXGroup;
			children = (
				CBFE61611C8E036800EC5070 /* Happiness.app */,
			);
			name = Products;
			sourceTree = "<group>";
		};
		CBFE61631C8E036800EC5070 /* Happiness */ = {
			isa = PBXGroup;
			children = (
				CBFE61641C8E036800EC5070 /* AppDelegate.swift */,
				CBFE61661C8E036800EC5070 /* ViewController.swift */,
				CBFE61681C8E036800EC5070 /* Main.storyboard */,
				CBFE616B1C8E036800EC5070 /* Assets.xcassets */,
				CBFE616D1C8E036800EC5070 /* LaunchScreen.storyboard */,
				CBFE61701C8E036800EC5070 /* Info.plist */,
			);
			path = Happiness;
			sourceTree = "<group>";
		};
/* End PBXGroup section */

/* Begin PBXNativeTarget section */
		CBFE61601C8E036800EC5070 /* Happiness */ = {
			isa = PBXNativeTarget;
			buildConfigurationList = CBFE61731C8E036800EC5070 /* Build configuration list for PBXNativeTarget "Happiness" */;
			buildPhases = (
				CBFE615D1C8E036800EC5070 /* Sources */,
				CBFE615E1C8E036800EC5070 /* Frameworks */,
				CBFE615F1C8E036800EC5070 /* Resources */,
			);
			buildRules = (
			);
			dependencies = (
			);
			name = Happiness;
			productName = Happiness;
			productReference = CBFE61611C8E036800EC5070 /* Happiness.app */;
			productType = "com.apple.product-type.application";
		};
/* End PBXNativeTarget section */

/* Begin PBXProject section */
		CBFE61591C8E036800EC5070 /* Project object */ = {
			isa = PBXProject;
			attributes = {
				LastSwiftUpdateCheck = 0720;
				LastUpgradeCheck = 0720;
				ORGANIZATIONNAME = "Tukhfatov Margulan";
				TargetAttributes = {
					CBFE61601C8E036800EC5070 = {
						CreatedOnToolsVersion = 7.2.1;
						DevelopmentTeam = KWDX2Q6854;
					};
				};
			};
			buildConfigurationList = CBFE615C1C8E036800EC5070 /* Build configuration list for PBXProject "Happiness" */;
			compatibilityVersion = "Xcode 3.2";
			developmentRegion = English;
			hasScannedForEncodings = 0;
			knownRegions = (
				en,
				Base,
			);
			mainGroup = CBFE61581C8E036800EC5070;
			productRefGroup = CBFE61621C8E036800EC5070 /* Products */;
			projectDirPath = "";
			projectRoot = "";
			targets = (
				CBFE61601C8E036800EC5070 /* Happiness */,
			);
		};
/* End PBXProject section */

/* Begin PBXResourcesBuildPhase section */
		CBFE615F1C8E036800EC5070 /* Resources */ = {
			isa = PBXResourcesBuildPhase;
			buildActionMask = 2147483647;
			files = (
				CBFE616F1C8E036800EC5070 /* LaunchScreen.storyboard in Resources */,
				CBFE616C1C8E036800EC5070 /* Assets.xcassets in Resources */,
				CBFE616A1C8E036800EC5070 /* Main.storyboard in Resources */,
			);
			runOnlyForDeploymentPostprocessing = 0;
		};
/* End PBXResourcesBuildPhase section */

/* Begin PBXSourcesBuildPhase section */
		CBFE615D1C8E036800EC5070 /* Sources */ = {
			isa = PBXSourcesBuildPhase;
			buildActionMask = 2147483647;
			files = (
				CBFE61671C8E036800EC5070 /* ViewController.swift in Sources */,
				CBFE61651C8E036800EC5070 /* AppDelegate.swift in Sources */,
			);
			runOnlyForDeploymentPostprocessing = 0;
		};
/* End PBXSourcesBuildPhase section */

/* Begin PBXVariantGroup section */
		CBFE61681C8E036800EC5070 /* Main.storyboard */ = {
			isa = PBXVariantGroup;
			children = (
				CBFE61691C8E036800EC5070 /* Base */,
			);
			name = Main.storyboard;
			sourceTree = "<group>";
		};
		CBFE616D1C8E036800EC5070 /* LaunchScreen.storyboard */ = {
			isa = PBXVariantGroup;
			children = (
				CBFE616E1C8E036800EC5070 /* Base */,
			);
			name = LaunchScreen.storyboard;
			sourceTree = "<group>";
		};
/* End PBXVariantGroup section */

/* Begin XCBuildConfiguration section */
		CBFE61711C8E036800EC5070 /* Debug */ = {
			isa = XCBuildConfiguration;
			buildSettings = {
				ALWAYS_SEARCH_USER_PATHS = NO;
				CLANG_CXX_LANGUAGE_STANDARD = "gnu++0x";
				CLANG_CXX_LIBRARY = "libc++";
				CLANG_ENABLE_MODULES = YES;
				CLANG_ENABLE_OBJC_ARC = YES;
				CLANG_WARN_BOOL_CONVERSION = YES;
				CLANG_WARN_CONSTANT_CONVERSION = YES;
				CLANG_WARN_DIRECT_OBJC_ISA_USAGE = YES_ERROR;
				CLANG_WARN_EMPTY_BODY = YES;
				CLANG_WARN_ENUM_CONVERSION = YES;
				CLANG_WARN_INT_CONVERSION = YES;
				CLANG_WARN_OBJC_ROOT_CLASS = YES_ERROR;
				CLANG_WARN_UNREACHABLE_CODE = YES;
				CLANG_WARN__DUPLICATE_METHOD_MATCH = YES;
				"CODE_SIGN_IDENTITY[sdk=iphoneos*]" = "iPhone Developer";
				COPY_PHASE_STRIP = NO;
				DEBUG_INFORMATION_FORMAT = dwarf;
				ENABLE_STRICT_OBJC_MSGSEND = YES;
				ENABLE_TESTABILITY = YES;
				GCC_C_LANGUAGE_STANDARD = gnu99;
				GCC_DYNAMIC_NO_PIC = NO;
				GCC_NO_COMMON_BLOCKS = YES;
				GCC_OPTIMIZATION_LEVEL = 0;
				GCC_PREPROCESSOR_DEFINITIONS = (
					"DEBUG=1",
					"$(inherited)",
				);
				GCC_WARN_64_TO_32_BIT_CONVERSION = YES;
				GCC_WARN_ABOUT_RETURN_TYPE = YES_ERROR;
				GCC_WARN_UNDECLARED_SELECTOR = YES;
				GCC_WARN_UNINITIALIZED_AUTOS = YES_AGGRESSIVE;
				GCC_WARN_UNUSED_FUNCTION = YES;
				GCC_WARN_UNUSED_VARIABLE = YES;
				IPHONEOS_DEPLOYMENT_TARGET = 9.2;
				MTL_ENABLE_DEBUG_INFO = YES;
				ONLY_ACTIVE_ARCH = YES;
				SDKROOT = iphoneos;
				SWIFT_OPTIMIZATION_LEVEL = "-Onone";
			};
			name = Debug;
		};
		CBFE61721C8E036800EC5070 /* Release */ = {
			isa = XCBuildConfiguration;
			buildSettings = {
				ALWAYS_SEARCH_USER_PATHS = NO;
				CLANG_CXX_LANGUAGE_STANDARD = "gnu++0x";
				CLANG_CXX_LIBRARY = "libc++";
				CLANG_ENABLE_MODULES = YES;
				CLANG_ENABLE_OBJC_ARC = YES;
				CLANG_WARN_BOOL_CONVERSION = YES;
				CLANG_WARN_CONSTANT_CONVERSION = YES;
				CLANG_WARN_DIRECT_OBJC_ISA_USAGE = YES_ERROR;
				CLANG_WARN_EMPTY_BODY = YES;
				CLANG_WARN_ENUM_CONVERSION = YES;
				CLANG_WARN_INT_CONVERSION = YES;
				CLANG_WARN_OBJC_ROOT_CLASS = YES_ERROR;
				CLANG_WARN_UNREACHABLE_CODE = YES;
				CLANG_WARN__DUPLICATE_METHOD_MATCH = YES;
				"CODE_SIGN_IDENTITY[sdk=iphoneos*]" = "iPhone Developer";
				COPY_PHASE_STRIP = NO;
				DEBUG_INFORMATION_FORMAT = "dwarf-with-dsym";
				ENABLE_NS_ASSERTIONS = NO;
				ENABLE_STRICT_OBJC_MSGSEND = YES;
				GCC_C_LANGUAGE_STANDARD = gnu99;
				GCC_NO_COMMON_BLOCKS = YES;
				GCC_WARN_64_TO_32_BIT_CONVERSION = YES;
				GCC_WARN_ABOUT_RETURN_TYPE = YES_ERROR;
				GCC_WARN_UNDECLARED_SELECTOR = YES;
				GCC_WARN_UNINITIALIZED_AUTOS = YES_AGGRESSIVE;
				GCC_WARN_UNUSED_FUNCTION = YES;
				GCC_WARN_UNUSED_VARIABLE = YES;
				IPHONEOS_DEPLOYMENT_TARGET = 9.2;
				MTL_ENABLE_DEBUG_INFO = NO;
				SDKROOT = iphoneos;
				VALIDATE_PRODUCT = YES;
			};
			name = Release;
		};
		CBFE61741C8E036800EC5070 /* Debug */ = {
			isa = XCBuildConfiguration;
			buildSettings = {
				ASSETCATALOG_COMPILER_APPICON_NAME = AppIcon;
				INFOPLIST_FILE = Happiness/Info.plist;
				LD_RUNPATH_SEARCH_PATHS = "$(inherited) @executable_path/Frameworks";
				PRODUCT_BUNDLE_IDENTIFIER = com.decemberapp.Happiness;
				PRODUCT_NAME = "$(TARGET_NAME)";
			};
			name = Debug;
		};
		CBFE61751C8E036800EC5070 /* Release */ = {
			isa = XCBuildConfiguration;
			buildSettings = {
				ASSETCATALOG_COMPILER_APPICON_NAME = AppIcon;
				INFOPLIST_FILE = Happiness/Info.plist;
				LD_RUNPATH_SEARCH_PATHS = "$(inherited) @executable_path/Frameworks";
				PRODUCT_BUNDLE_IDENTIFIER = com.decemberapp.Happiness;
				PRODUCT_NAME = "$(TARGET_NAME)";
			};
			name = Release;
		};
/* End XCBuildConfiguration section */

/* Begin XCConfigurationList section */
		CBFE615C1C8E036800EC5070 /* Build configuration list for PBXProject "Happiness" */ = {
			isa = XCConfigurationList;
			buildConfigurations = (
				CBFE61711C8E036800EC5070 /* Debug */,
				CBFE61721C8E036800EC5070 /* Release */,
			);
			defaultConfigurationIsVisible = 0;
			defaultConfigurationName = Release;
		};
		CBFE61731C8E036800EC5070 /* Build configuration list for PBXNativeTarget "Happiness" */ = {
			isa = XCConfigurationList;
			buildConfigurations = (
				CBFE61741C8E036800EC5070 /* Debug */,
				CBFE61751C8E036800EC5070 /* Release */,
			);
			defaultConfigurationIsVisible = 0;
		};
/* End XCConfigurationList section */
	};
	rootObject = CBFE61591C8E036800EC5070 /* Project object */;
}
